
Microsoft Visual Studio Solution File, Format Version 12.00
# Visual Studio 15
VisualStudioVersion = 15.0.27130.2036
MinimumVisualStudioVersion = 10.0.40219.1
Project("{FAE04EC0-301F-11D3-BF4B-00C04F79EFBC}") = "TodoApi", "TodoApi\TodoApi.csproj", "{B978CA77-503B-402C-B0C0-EA93225FF75A}"
EndProject
Global
	GlobalSection(SolutionConfigurationPlatforms) = preSolution
		Debug|Any CPU = Debug|Any CPU
		Release|Any CPU = Release|Any CPU
	EndGlobalSection
	GlobalSection(ProjectConfigurationPlatforms) = postSolution
		{B978CA77-503B-402C-B0C0-EA93225FF75A}.Debug|Any CPU.ActiveCfg = Debug|Any CPU
		{B978CA77-503B-402C-B0C0-EA93225FF75A}.Debug|Any CPU.Build.0 = Debug|Any CPU
		{B978CA77-503B-402C-B0C0-EA93225FF75A}.Release|Any CPU.ActiveCfg = Release|Any CPU
		{B978CA77-503B-402C-B0C0-EA93225FF75A}.Release|Any CPU.Build.0 = Release|Any CPU
	EndGlobalSection
	GlobalSection(SolutionProperties) = preSolution
		HideSolutionNode = FALSE
	EndGlobalSection
	GlobalSection(ExtensibilityGlobals) = postSolution
		SolutionGuid = {843A9A45-AA81-4D05-8708-797B91A32401}
	EndGlobalSection
EndGlobal
